
Microsoft Visual Studio Solution File, Format Version 12.00
# Visual Studio Version 17
VisualStudioVersion = 17.0.31903.59
MinimumVisualStudioVersion = 10.0.40219.1
Project("{FAE04EC0-301F-11D3-BF4B-00C04F79EFBC}") = "NorskApi.Api", "NorskApi.Api\NorskApi.Api.csproj", "{C8EF9210-5B3A-4E14-92B9-86270E7F0EA4}"
EndProject
Project("{FAE04EC0-301F-11D3-BF4B-00C04F79EFBC}") = "NorskApi.Application", "NorskApi.Application\NorskApi.Application.csproj", "{0D9F9AF2-793F-4FAA-84F9-3D63686DA28C}"
EndProject
Project("{FAE04EC0-301F-11D3-BF4B-00C04F79EFBC}") = "NorskApi.Contracts", "NorskApi.Contracts\NorskApi.Contracts.csproj", "{D3BF515D-8892-444F-A4A5-4631984FDD7B}"
EndProject
Project("{FAE04EC0-301F-11D3-BF4B-00C04F79EFBC}") = "NorskApi.Domain", "NorskApi.Domain\NorskApi.Domain.csproj", "{3279BDE5-C918-41E6-AECB-CB29FA713741}"
EndProject
Project("{FAE04EC0-301F-11D3-BF4B-00C04F79EFBC}") = "NorskApi.Infrastructure", "NorskApi.Infrastructure\NorskApi.Infrastructure.csproj", "{B5EFBE3F-A9B9-429D-9A0C-D0BB31C77E8F}"
EndProject
Global
	GlobalSection(SolutionConfigurationPlatforms) = preSolution
		Debug|Any CPU = Debug|Any CPU
		Release|Any CPU = Release|Any CPU
	EndGlobalSection
	GlobalSection(SolutionProperties) = preSolution
		HideSolutionNode = FALSE
	EndGlobalSection
	GlobalSection(ProjectConfigurationPlatforms) = postSolution
		{C8EF9210-5B3A-4E14-92B9-86270E7F0EA4}.Debug|Any CPU.ActiveCfg = Debug|Any CPU
		{C8EF9210-5B3A-4E14-92B9-86270E7F0EA4}.Debug|Any CPU.Build.0 = Debug|Any CPU
		{C8EF9210-5B3A-4E14-92B9-86270E7F0EA4}.Release|Any CPU.ActiveCfg = Release|Any CPU
		{C8EF9210-5B3A-4E14-92B9-86270E7F0EA4}.Release|Any CPU.Build.0 = Release|Any CPU
		{0D9F9AF2-793F-4FAA-84F9-3D63686DA28C}.Debug|Any CPU.ActiveCfg = Debug|Any CPU
		{0D9F9AF2-793F-4FAA-84F9-3D63686DA28C}.Debug|Any CPU.Build.0 = Debug|Any CPU
		{0D9F9AF2-793F-4FAA-84F9-3D63686DA28C}.Release|Any CPU.ActiveCfg = Release|Any CPU
		{0D9F9AF2-793F-4FAA-84F9-3D63686DA28C}.Release|Any CPU.Build.0 = Release|Any CPU
		{D3BF515D-8892-444F-A4A5-4631984FDD7B}.Debug|Any CPU.ActiveCfg = Debug|Any CPU
		{D3BF515D-8892-444F-A4A5-4631984FDD7B}.Debug|Any CPU.Build.0 = Debug|Any CPU
		{D3BF515D-8892-444F-A4A5-4631984FDD7B}.Release|Any CPU.ActiveCfg = Release|Any CPU
		{D3BF515D-8892-444F-A4A5-4631984FDD7B}.Release|Any CPU.Build.0 = Release|Any CPU
		{3279BDE5-C918-41E6-AECB-CB29FA713741}.Debug|Any CPU.ActiveCfg = Debug|Any CPU
		{3279BDE5-C918-41E6-AECB-CB29FA713741}.Debug|Any CPU.Build.0 = Debug|Any CPU
		{3279BDE5-C918-41E6-AECB-CB29FA713741}.Release|Any CPU.ActiveCfg = Release|Any CPU
		{3279BDE5-C918-41E6-AECB-CB29FA713741}.Release|Any CPU.Build.0 = Release|Any CPU
		{B5EFBE3F-A9B9-429D-9A0C-D0BB31C77E8F}.Debug|Any CPU.ActiveCfg = Debug|Any CPU
		{B5EFBE3F-A9B9-429D-9A0C-D0BB31C77E8F}.Debug|Any CPU.Build.0 = Debug|Any CPU
		{B5EFBE3F-A9B9-429D-9A0C-D0BB31C77E8F}.Release|Any CPU.ActiveCfg = Release|Any CPU
		{B5EFBE3F-A9B9-429D-9A0C-D0BB31C77E8F}.Release|Any CPU.Build.0 = Release|Any CPU
	EndGlobalSection
EndGlobal
