{
  "version": 1,
  "dependencies": {
    "net8.0": {
      "MediatR": {
        "type": "Transitive",
        "resolved": "11.0.0",
        "contentHash": "8klzVGZQiA2oxZRzQFBZbdPD/IQUm9RYtfiyTDKhxDQ99Gi93+GXt1ZJjH2D7Lh7ZFHCv5XdkwbmfHEQBCatPg==",
        "dependencies": {
          "MediatR.Contracts": "1.0.1"
        }
      },
      "MediatR.Contracts": {
        "type": "Transitive",
        "resolved": "1.0.1",
        "contentHash": "NsRvOxthhkYml4DcBMyJsmym8C4MchioH7wxKVPEg7plFj9Euh/i4IcmZ3Gvgx6+K8obeuhPeJdoBl56wnuo3A=="
      },
      "MediatR.Extensions.Microsoft.DependencyInjection": {
        "type": "Transitive",
        "resolved": "11.1.0",
        "contentHash": "RW3etRuy6Xp63cgqfC0r/ITOtUT0f9ymJl1+1XZdzsYUsfv7WBPC2kXGOP8IYpY/6c4Q6805vbIW/88DopUs3w==",
        "dependencies": {
          "MediatR": "[11.0.0, 12.0.0)",
          "Microsoft.Extensions.DependencyInjection.Abstractions": "7.0.0"
        }
      },
      "Microsoft.Extensions.DependencyInjection.Abstractions": {
        "type": "Transitive",
        "resolved": "7.0.0",
        "contentHash": "h3j/QfmFN4S0w4C2A6X7arXij/M/OVw3uQHSOFxnND4DyAzO1F9eMX7Eti7lU/OkSthEE0WzRsfT/Dmx86jzCw=="
      },
      "norskapi.domain": {
        "type": "Project",
        "dependencies": {
          "MediatR.Extensions.Microsoft.DependencyInjection": "[11.1.0, )"
        }
      }
    }
  }
}